{
  "originHash" : "04ca44e5bad99e1d81917f9560736126d6907feb938a993e087ba6323a1c5bec",
  "pins" : [
    {
      "identity" : "events",
      "kind" : "remoteSourceControl",
      "location" : "https://github.com/brunogama/Events/",
      "state" : {
        "branch" : "main",
        "revision" : "d56b6d9108f015925e62b38889729b3556750899"
      }
    }
  ],
  "version" : 3
}
