{
  "originHash" : "04ca44e5bad99e1d81917f9560736126d6907feb938a993e087ba6323a1c5bec",
  "pins" : [
    {
      "identity" : "events",
      "kind" : "remoteSourceControl",
      "location" : "https://github.com/brunogama/Events/",
      "state" : {
        "branch" : "main",
        "revision" : "dda8dc9b0f3a0b09ffa1d3e02e75b5c73a7b530e"
      }
    }
  ],
  "version" : 3
}
